// !$*UTF8*$!
{
	archiveVersion = 1;
	classes = {
	};
	objectVersion = 77;
	objects = {

/* Begin PBXBuildFile section */
		1A4E4BC62E25B79600E6EAC8 /* Auth in Frameworks */ = {isa = PBXBuildFile; productRef = 1A4E4BC52E25B79600E6EAC8 /* Auth */; };
		1A4E4BC82E25B79600E6EAC8 /* Functions in Frameworks */ = {isa = PBXBuildFile; productRef = 1A4E4BC72E25B79600E6EAC8 /* Functions */; };
		1A4E4BCA2E25B79600E6EAC8 /* PostgREST in Frameworks */ = {isa = PBXBuildFile; productRef = 1A4E4BC92E25B79600E6EAC8 /* PostgREST */; };
		1A4E4BCC2E25B79600E6EAC8 /* Storage in Frameworks */ = {isa = PBXBuildFile; productRef = 1A4E4BCB2E25B79600E6EAC8 /* Storage */; };
		1A4E4BCE2E25B79600E6EAC8 /* Supabase in Frameworks */ = {isa = PBXBuildFile; productRef = 1A4E4BCD2E25B79600E6EAC8 /* Supabase */; };
		1A4E4BD02E25B7BB00E6EAC8 /* Supabase.swift in Sources */ = {isa = PBXBuildFile; fileRef = 1A4E4BCF2E25B7B200E6EAC8 /* Supabase.swift */; };
/* End PBXBuildFile section */

/* Begin PBXContainerItemProxy section */
		1A46BAB92E22A62600082DA2 /* PBXContainerItemProxy */ = {
			isa = PBXContainerItemProxy;
			containerPortal = 1A46BAA02E22A62400082DA2 /* Project object */;
			proxyType = 1;
			remoteGlobalIDString = 1A46BAA72E22A62400082DA2;
			remoteInfo = "expense-tracker";
		};
		1A46BAC32E22A62600082DA2 /* PBXContainerItemProxy */ = {
			isa = PBXContainerItemProxy;
			containerPortal = 1A46BAA02E22A62400082DA2 /* Project object */;
			proxyType = 1;
			remoteGlobalIDString = 1A46BAA72E22A62400082DA2;
			remoteInfo = "expense-tracker";
		};
/* End PBXContainerItemProxy section */

/* Begin PBXFileReference section */
		1A46BAA82E22A62400082DA2 /* expense-tracker.app */ = {isa = PBXFileReference; explicitFileType = wrapper.application; includeInIndex = 0; path = "expense-tracker.app"; sourceTree = BUILT_PRODUCTS_DIR; };
		1A46BAB82E22A62600082DA2 /* expense-trackerTests.xctest */ = {isa = PBXFileReference; explicitFileType = wrapper.cfbundle; includeInIndex = 0; path = "expense-trackerTests.xctest"; sourceTree = BUILT_PRODUCTS_DIR; };
		1A46BAC22E22A62600082DA2 /* expense-trackerUITests.xctest */ = {isa = PBXFileReference; explicitFileType = wrapper.cfbundle; includeInIndex = 0; path = "expense-trackerUITests.xctest"; sourceTree = BUILT_PRODUCTS_DIR; };
		1A4E4BCF2E25B7B200E6EAC8 /* Supabase.swift */ = {isa = PBXFileReference; lastKnownFileType = sourcecode.swift; path = Supabase.swift; sourceTree = "<group>"; };
/* End PBXFileReference section */

/* Begin PBXFileSystemSynchronizedBuildFileExceptionSet section */
		1A4E4BD52E25BF1D00E6EAC8 /* Exceptions for "expense-tracker" folder in "expense-tracker" target */ = {
			isa = PBXFileSystemSynchronizedBuildFileExceptionSet;
			membershipExceptions = (
				Info.plist,
			);
			target = 1A46BAA72E22A62400082DA2 /* expense-tracker */;
		};
/* End PBXFileSystemSynchronizedBuildFileExceptionSet section */

/* Begin PBXFileSystemSynchronizedRootGroup section */
		1A46BAAA2E22A62400082DA2 /* expense-tracker */ = {
			isa = PBXFileSystemSynchronizedRootGroup;
			exceptions = (
				1A4E4BD52E25BF1D00E6EAC8 /* Exceptions for "expense-tracker" folder in "expense-tracker" target */,
			);
			path = "expense-tracker";
			sourceTree = "<group>";
		};
		1A46BABB2E22A62600082DA2 /* expense-trackerTests */ = {
			isa = PBXFileSystemSynchronizedRootGroup;
			path = "expense-trackerTests";
			sourceTree = "<group>";
		};
		1A46BAC52E22A62600082DA2 /* expense-trackerUITests */ = {
			isa = PBXFileSystemSynchronizedRootGroup;
			path = "expense-trackerUITests";
			sourceTree = "<group>";
		};
/* End PBXFileSystemSynchronizedRootGroup section */

/* Begin PBXFrameworksBuildPhase section */
		1A46BAA52E22A62400082DA2 /* Frameworks */ = {
			isa = PBXFrameworksBuildPhase;
			buildActionMask = 2147483647;
			files = (
				1A4E4BCE2E25B79600E6EAC8 /* Supabase in Frameworks */,
				1A4E4BCC2E25B79600E6EAC8 /* Storage in Frameworks */,
				1A4E4BCA2E25B79600E6EAC8 /* PostgREST in Frameworks */,
				1A4E4BC82E25B79600E6EAC8 /* Functions in Frameworks */,
				1A4E4BC62E25B79600E6EAC8 /* Auth in Frameworks */,
			);
			runOnlyForDeploymentPostprocessing = 0;
		};
		1A46BAB52E22A62600082DA2 /* Frameworks */ = {
			isa = PBXFrameworksBuildPhase;
			buildActionMask = 2147483647;
			files = (
			);
			runOnlyForDeploymentPostprocessing = 0;
		};
		1A46BABF2E22A62600082DA2 /* Frameworks */ = {
			isa = PBXFrameworksBuildPhase;
			buildActionMask = 2147483647;
			files = (
			);
			runOnlyForDeploymentPostprocessing = 0;
		};
/* End PBXFrameworksBuildPhase section */

/* Begin PBXGroup section */
		1A46BA9F2E22A62400082DA2 = {
			isa = PBXGroup;
			children = (
				1A4E4BCF2E25B7B200E6EAC8 /* Supabase.swift */,
				1A46BAAA2E22A62400082DA2 /* expense-tracker */,
				1A46BABB2E22A62600082DA2 /* expense-trackerTests */,
				1A46BAC52E22A62600082DA2 /* expense-trackerUITests */,
				1A46BAA92E22A62400082DA2 /* Products */,
			);
			sourceTree = "<group>";
		};
		1A46BAA92E22A62400082DA2 /* Products */ = {
			isa = PBXGroup;
			children = (
				1A46BAA82E22A62400082DA2 /* expense-tracker.app */,
				1A46BAB82E22A62600082DA2 /* expense-trackerTests.xctest */,
				1A46BAC22E22A62600082DA2 /* expense-trackerUITests.xctest */,
			);
			name = Products;
			sourceTree = "<group>";
		};
/* End PBXGroup section */

/* Begin PBXNativeTarget section */
		1A46BAA72E22A62400082DA2 /* expense-tracker */ = {
			isa = PBXNativeTarget;
			buildConfigurationList = 1A46BACC2E22A62600082DA2 /* Build configuration list for PBXNativeTarget "expense-tracker" */;
			buildPhases = (
				1A46BAA42E22A62400082DA2 /* Sources */,
				1A46BAA52E22A62400082DA2 /* Frameworks */,
				1A46BAA62E22A62400082DA2 /* Resources */,
			);
			buildRules = (
			);
			dependencies = (
			);
			fileSystemSynchronizedGroups = (
				1A46BAAA2E22A62400082DA2 /* expense-tracker */,
			);
			name = "expense-tracker";
			packageProductDependencies = (
				1A4E4BC52E25B79600E6EAC8 /* Auth */,
				1A4E4BC72E25B79600E6EAC8 /* Functions */,
				1A4E4BC92E25B79600E6EAC8 /* PostgREST */,
				1A4E4BCB2E25B79600E6EAC8 /* Storage */,
				1A4E4BCD2E25B79600E6EAC8 /* Supabase */,
			);
			productName = "expense-tracker";
			productReference = 1A46BAA82E22A62400082DA2 /* expense-tracker.app */;
			productType = "com.apple.product-type.application";
		};
		1A46BAB72E22A62600082DA2 /* expense-trackerTests */ = {
			isa = PBXNativeTarget;
			buildConfigurationList = 1A46BACF2E22A62600082DA2 /* Build configuration list for PBXNativeTarget "expense-trackerTests" */;
			buildPhases = (
				1A46BAB42E22A62600082DA2 /* Sources */,
				1A46BAB52E22A62600082DA2 /* Frameworks */,
				1A46BAB62E22A62600082DA2 /* Resources */,
			);
			buildRules = (
			);
			dependencies = (
				1A46BABA2E22A62600082DA2 /* PBXTargetDependency */,
			);
			fileSystemSynchronizedGroups = (
				1A46BABB2E22A62600082DA2 /* expense-trackerTests */,
			);
			name = "expense-trackerTests";
			packageProductDependencies = (
			);
			productName = "expense-trackerTests";
			productReference = 1A46BAB82E22A62600082DA2 /* expense-trackerTests.xctest */;
			productType = "com.apple.product-type.bundle.unit-test";
		};
		1A46BAC12E22A62600082DA2 /* expense-trackerUITests */ = {
			isa = PBXNativeTarget;
			buildConfigurationList = 1A46BAD22E22A62600082DA2 /* Build configuration list for PBXNativeTarget "expense-trackerUITests" */;
			buildPhases = (
				1A46BABE2E22A62600082DA2 /* Sources */,
				1A46BABF2E22A62600082DA2 /* Frameworks */,
				1A46BAC02E22A62600082DA2 /* Resources */,
			);
			buildRules = (
			);
			dependencies = (
				1A46BAC42E22A62600082DA2 /* PBXTargetDependency */,
			);
			fileSystemSynchronizedGroups = (
				1A46BAC52E22A62600082DA2 /* expense-trackerUITests */,
			);
			name = "expense-trackerUITests";
			packageProductDependencies = (
			);
			productName = "expense-trackerUITests";
			productReference = 1A46BAC22E22A62600082DA2 /* expense-trackerUITests.xctest */;
			productType = "com.apple.product-type.bundle.ui-testing";
		};
/* End PBXNativeTarget section */

/* Begin PBXProject section */
		1A46BAA02E22A62400082DA2 /* Project object */ = {
			isa = PBXProject;
			attributes = {
				BuildIndependentTargetsInParallel = 1;
				LastSwiftUpdateCheck = 1610;
				LastUpgradeCheck = 1610;
				TargetAttributes = {
					1A46BAA72E22A62400082DA2 = {
						CreatedOnToolsVersion = 16.1;
					};
					1A46BAB72E22A62600082DA2 = {
						CreatedOnToolsVersion = 16.1;
						TestTargetID = 1A46BAA72E22A62400082DA2;
					};
					1A46BAC12E22A62600082DA2 = {
						CreatedOnToolsVersion = 16.1;
						TestTargetID = 1A46BAA72E22A62400082DA2;
					};
				};
			};
			buildConfigurationList = 1A46BAA32E22A62400082DA2 /* Build configuration list for PBXProject "expense-tracker" */;
			developmentRegion = en;
			hasScannedForEncodings = 0;
			knownRegions = (
				en,
				Base,
			);
			mainGroup = 1A46BA9F2E22A62400082DA2;
			minimizedProjectReferenceProxies = 1;
			packageReferences = (
				1A4E4BC42E25B79600E6EAC8 /* XCRemoteSwiftPackageReference "supabase-swift" */,
			);
			preferredProjectObjectVersion = 77;
			productRefGroup = 1A46BAA92E22A62400082DA2 /* Products */;
			projectDirPath = "";
			projectRoot = "";
			targets = (
				1A46BAA72E22A62400082DA2 /* expense-tracker */,
				1A46BAB72E22A62600082DA2 /* expense-trackerTests */,
				1A46BAC12E22A62600082DA2 /* expense-trackerUITests */,
			);
		};
/* End PBXProject section */

/* Begin PBXResourcesBuildPhase section */
		1A46BAA62E22A62400082DA2 /* Resources */ = {
			isa = PBXResourcesBuildPhase;
			buildActionMask = 2147483647;
			files = (
			);
			runOnlyForDeploymentPostprocessing = 0;
		};
		1A46BAB62E22A62600082DA2 /* Resources */ = {
			isa = PBXResourcesBuildPhase;
			buildActionMask = 2147483647;
			files = (
			);
			runOnlyForDeploymentPostprocessing = 0;
		};
		1A46BAC02E22A62600082DA2 /* Resources */ = {
			isa = PBXResourcesBuildPhase;
			buildActionMask = 2147483647;
			files = (
			);
			runOnlyForDeploymentPostprocessing = 0;
		};
/* End PBXResourcesBuildPhase section */

/* Begin PBXSourcesBuildPhase section */
		1A46BAA42E22A62400082DA2 /* Sources */ = {
			isa = PBXSourcesBuildPhase;
			buildActionMask = 2147483647;
			files = (
				1A4E4BD02E25B7BB00E6EAC8 /* Supabase.swift in Sources */,
			);
			runOnlyForDeploymentPostprocessing = 0;
		};
		1A46BAB42E22A62600082DA2 /* Sources */ = {
			isa = PBXSourcesBuildPhase;
			buildActionMask = 2147483647;
			files = (
			);
			runOnlyForDeploymentPostprocessing = 0;
		};
		1A46BABE2E22A62600082DA2 /* Sources */ = {
			isa = PBXSourcesBuildPhase;
			buildActionMask = 2147483647;
			files = (
			);
			runOnlyForDeploymentPostprocessing = 0;
		};
/* End PBXSourcesBuildPhase section */

/* Begin PBXTargetDependency section */
		1A46BABA2E22A62600082DA2 /* PBXTargetDependency */ = {
			isa = PBXTargetDependency;
			target = 1A46BAA72E22A62400082DA2 /* expense-tracker */;
			targetProxy = 1A46BAB92E22A62600082DA2 /* PBXContainerItemProxy */;
		};
		1A46BAC42E22A62600082DA2 /* PBXTargetDependency */ = {
			isa = PBXTargetDependency;
			target = 1A46BAA72E22A62400082DA2 /* expense-tracker */;
			targetProxy = 1A46BAC32E22A62600082DA2 /* PBXContainerItemProxy */;
		};
/* End PBXTargetDependency section */

/* Begin XCBuildConfiguration section */
		1A46BACA2E22A62600082DA2 /* Debug */ = {
			isa = XCBuildConfiguration;
			buildSettings = {
				ALWAYS_SEARCH_USER_PATHS = NO;
				ASSETCATALOG_COMPILER_GENERATE_SWIFT_ASSET_SYMBOL_EXTENSIONS = YES;
				CLANG_ANALYZER_NONNULL = YES;
				CLANG_ANALYZER_NUMBER_OBJECT_CONVERSION = YES_AGGRESSIVE;
				CLANG_CXX_LANGUAGE_STANDARD = "gnu++20";
				CLANG_ENABLE_MODULES = YES;
				CLANG_ENABLE_OBJC_ARC = YES;
				CLANG_ENABLE_OBJC_WEAK = YES;
				CLANG_WARN_BLOCK_CAPTURE_AUTORELEASING = YES;
				CLANG_WARN_BOOL_CONVERSION = YES;
				CLANG_WARN_COMMA = YES;
				CLANG_WARN_CONSTANT_CONVERSION = YES;
				CLANG_WARN_DEPRECATED_OBJC_IMPLEMENTATIONS = YES;
				CLANG_WARN_DIRECT_OBJC_ISA_USAGE = YES_ERROR;
				CLANG_WARN_DOCUMENTATION_COMMENTS = YES;
				CLANG_WARN_EMPTY_BODY = YES;
				CLANG_WARN_ENUM_CONVERSION = YES;
				CLANG_WARN_INFINITE_RECURSION = YES;
				CLANG_WARN_INT_CONVERSION = YES;
				CLANG_WARN_NON_LITERAL_NULL_CONVERSION = YES;
				CLANG_WARN_OBJC_IMPLICIT_RETAIN_SELF = YES;
				CLANG_WARN_OBJC_LITERAL_CONVERSION = YES;
				CLANG_WARN_OBJC_ROOT_CLASS = YES_ERROR;
				CLANG_WARN_QUOTED_INCLUDE_IN_FRAMEWORK_HEADER = YES;
				CLANG_WARN_RANGE_LOOP_ANALYSIS = YES;
				CLANG_WARN_STRICT_PROTOTYPES = YES;
				CLANG_WARN_SUSPICIOUS_MOVE = YES;
				CLANG_WARN_UNGUARDED_AVAILABILITY = YES_AGGRESSIVE;
				CLANG_WARN_UNREACHABLE_CODE = YES;
				CLANG_WARN__DUPLICATE_METHOD_MATCH = YES;
				COPY_PHASE_STRIP = NO;
				DEBUG_INFORMATION_FORMAT = dwarf;
				ENABLE_STRICT_OBJC_MSGSEND = YES;
				ENABLE_TESTABILITY = YES;
				ENABLE_USER_SCRIPT_SANDBOXING = YES;
				GCC_C_LANGUAGE_STANDARD = gnu17;
				GCC_DYNAMIC_NO_PIC = NO;
				GCC_NO_COMMON_BLOCKS = YES;
				GCC_OPTIMIZATION_LEVEL = 0;
				GCC_PREPROCESSOR_DEFINITIONS = (
					"DEBUG=1",
					"$(inherited)",
				);
				GCC_WARN_64_TO_32_BIT_CONVERSION = YES;
				GCC_WARN_ABOUT_RETURN_TYPE = YES_ERROR;
				GCC_WARN_UNDECLARED_SELECTOR = YES;
				GCC_WARN_UNINITIALIZED_AUTOS = YES_AGGRESSIVE;
				GCC_WARN_UNUSED_FUNCTION = YES;
				GCC_WARN_UNUSED_VARIABLE = YES;
				IPHONEOS_DEPLOYMENT_TARGET = 18.1;
				LOCALIZATION_PREFERS_STRING_CATALOGS = YES;
				MTL_ENABLE_DEBUG_INFO = INCLUDE_SOURCE;
				MTL_FAST_MATH = YES;
				ONLY_ACTIVE_ARCH = YES;
				SDKROOT = iphoneos;
				SWIFT_ACTIVE_COMPILATION_CONDITIONS = "DEBUG $(inherited)";
				SWIFT_OPTIMIZATION_LEVEL = "-Onone";
			};
			name = Debug;
		};
		1A46BACB2E22A62600082DA2 /* Release */ = {
			isa = XCBuildConfiguration;
			buildSettings = {
				ALWAYS_SEARCH_USER_PATHS = NO;
				ASSETCATALOG_COMPILER_GENERATE_SWIFT_ASSET_SYMBOL_EXTENSIONS = YES;
				CLANG_ANALYZER_NONNULL = YES;
				CLANG_ANALYZER_NUMBER_OBJECT_CONVERSION = YES_AGGRESSIVE;
				CLANG_CXX_LANGUAGE_STANDARD = "gnu++20";
				CLANG_ENABLE_MODULES = YES;
				CLANG_ENABLE_OBJC_ARC = YES;
				CLANG_ENABLE_OBJC_WEAK = YES;
				CLANG_WARN_BLOCK_CAPTURE_AUTORELEASING = YES;
				CLANG_WARN_BOOL_CONVERSION = YES;
				CLANG_WARN_COMMA = YES;
				CLANG_WARN_CONSTANT_CONVERSION = YES;
				CLANG_WARN_DEPRECATED_OBJC_IMPLEMENTATIONS = YES;
				CLANG_WARN_DIRECT_OBJC_ISA_USAGE = YES_ERROR;
				CLANG_WARN_DOCUMENTATION_COMMENTS = YES;
				CLANG_WARN_EMPTY_BODY = YES;
				CLANG_WARN_ENUM_CONVERSION = YES;
				CLANG_WARN_INFINITE_RECURSION = YES;
				CLANG_WARN_INT_CONVERSION = YES;
				CLANG_WARN_NON_LITERAL_NULL_CONVERSION = YES;
				CLANG_WARN_OBJC_IMPLICIT_RETAIN_SELF = YES;
				CLANG_WARN_OBJC_LITERAL_CONVERSION = YES;
				CLANG_WARN_OBJC_ROOT_CLASS = YES_ERROR;
				CLANG_WARN_QUOTED_INCLUDE_IN_FRAMEWORK_HEADER = YES;
				CLANG_WARN_RANGE_LOOP_ANALYSIS = YES;
				CLANG_WARN_STRICT_PROTOTYPES = YES;
				CLANG_WARN_SUSPICIOUS_MOVE = YES;
				CLANG_WARN_UNGUARDED_AVAILABILITY = YES_AGGRESSIVE;
				CLANG_WARN_UNREACHABLE_CODE = YES;
				CLANG_WARN__DUPLICATE_METHOD_MATCH = YES;
				COPY_PHASE_STRIP = NO;
				DEBUG_INFORMATION_FORMAT = "dwarf-with-dsym";
				ENABLE_NS_ASSERTIONS = NO;
				ENABLE_STRICT_OBJC_MSGSEND = YES;
				ENABLE_USER_SCRIPT_SANDBOXING = YES;
				GCC_C_LANGUAGE_STANDARD = gnu17;
				GCC_NO_COMMON_BLOCKS = YES;
				GCC_WARN_64_TO_32_BIT_CONVERSION = YES;
				GCC_WARN_ABOUT_RETURN_TYPE = YES_ERROR;
				GCC_WARN_UNDECLARED_SELECTOR = YES;
				GCC_WARN_UNINITIALIZED_AUTOS = YES_AGGRESSIVE;
				GCC_WARN_UNUSED_FUNCTION = YES;
				GCC_WARN_UNUSED_VARIABLE = YES;
				IPHONEOS_DEPLOYMENT_TARGET = 18.1;
				LOCALIZATION_PREFERS_STRING_CATALOGS = YES;
				MTL_ENABLE_DEBUG_INFO = NO;
				MTL_FAST_MATH = YES;
				SDKROOT = iphoneos;
				SWIFT_COMPILATION_MODE = wholemodule;
				VALIDATE_PRODUCT = YES;
			};
			name = Release;
		};
		1A46BACD2E22A62600082DA2 /* Debug */ = {
			isa = XCBuildConfiguration;
			buildSettings = {
				ASSETCATALOG_COMPILER_APPICON_NAME = AppIcon;
				ASSETCATALOG_COMPILER_GLOBAL_ACCENT_COLOR_NAME = AccentColor;
				CODE_SIGN_ENTITLEMENTS = "expense-tracker/expense-tracker.entitlements";
				CODE_SIGN_STYLE = Automatic;
				CURRENT_PROJECT_VERSION = 1;
				DEVELOPMENT_ASSET_PATHS = "\"expense-tracker/Preview Content\"";
				DEVELOPMENT_TEAM = 4RJVKU9DGQ;
				ENABLE_PREVIEWS = YES;
				GENERATE_INFOPLIST_FILE = YES;
				INFOPLIST_FILE = "expense-tracker/Info.plist";
				INFOPLIST_KEY_UIApplicationSceneManifest_Generation = YES;
				INFOPLIST_KEY_UIApplicationSupportsIndirectInputEvents = YES;
				INFOPLIST_KEY_UILaunchScreen_Generation = YES;
				INFOPLIST_KEY_UISupportedInterfaceOrientations_iPad = "UIInterfaceOrientationPortrait UIInterfaceOrientationPortraitUpsideDown UIInterfaceOrientationLandscapeLeft UIInterfaceOrientationLandscapeRight";
				INFOPLIST_KEY_UISupportedInterfaceOrientations_iPhone = "UIInterfaceOrientationPortrait UIInterfaceOrientationLandscapeLeft UIInterfaceOrientationLandscapeRight";
				IPHONEOS_DEPLOYMENT_TARGET = 18.0;
				LD_RUNPATH_SEARCH_PATHS = (
					"$(inherited)",
					"@executable_path/Frameworks",
				);
				MARKETING_VERSION = 1.0;
				PRODUCT_BUNDLE_IDENTIFIER = "PM.expense-tracker";
				PRODUCT_NAME = "$(TARGET_NAME)";
				SWIFT_EMIT_LOC_STRINGS = YES;
				SWIFT_VERSION = 5.0;
				TARGETED_DEVICE_FAMILY = "1,2";
			};
			name = Debug;
		};
		1A46BACE2E22A62600082DA2 /* Release */ = {
			isa = XCBuildConfiguration;
			buildSettings = {
				ASSETCATALOG_COMPILER_APPICON_NAME = AppIcon;
				ASSETCATALOG_COMPILER_GLOBAL_ACCENT_COLOR_NAME = AccentColor;
				CODE_SIGN_ENTITLEMENTS = "expense-tracker/expense-tracker.entitlements";
				CODE_SIGN_STYLE = Automatic;
				CURRENT_PROJECT_VERSION = 1;
				DEVELOPMENT_ASSET_PATHS = "\"expense-tracker/Preview Content\"";
				DEVELOPMENT_TEAM = 4RJVKU9DGQ;
				ENABLE_PREVIEWS = YES;
				GENERATE_INFOPLIST_FILE = YES;
				INFOPLIST_FILE = "expense-tracker/Info.plist";
				INFOPLIST_KEY_UIApplicationSceneManifest_Generation = YES;
				INFOPLIST_KEY_UIApplicationSupportsIndirectInputEvents = YES;
				INFOPLIST_KEY_UILaunchScreen_Generation = YES;
				INFOPLIST_KEY_UISupportedInterfaceOrientations_iPad = "UIInterfaceOrientationPortrait UIInterfaceOrientationPortraitUpsideDown UIInterfaceOrientationLandscapeLeft UIInterfaceOrientationLandscapeRight";
				INFOPLIST_KEY_UISupportedInterfaceOrientations_iPhone = "UIInterfaceOrientationPortrait UIInterfaceOrientationLandscapeLeft UIInterfaceOrientationLandscapeRight";
				IPHONEOS_DEPLOYMENT_TARGET = 18.0;
				LD_RUNPATH_SEARCH_PATHS = (
					"$(inherited)",
					"@executable_path/Frameworks",
				);
				MARKETING_VERSION = 1.0;
				PRODUCT_BUNDLE_IDENTIFIER = "PM.expense-tracker";
				PRODUCT_NAME = "$(TARGET_NAME)";
				SWIFT_EMIT_LOC_STRINGS = YES;
				SWIFT_VERSION = 5.0;
				TARGETED_DEVICE_FAMILY = "1,2";
			};
			name = Release;
		};
		1A46BAD02E22A62600082DA2 /* Debug */ = {
			isa = XCBuildConfiguration;
			buildSettings = {
				BUNDLE_LOADER = "$(TEST_HOST)";
				CODE_SIGN_STYLE = Automatic;
				CURRENT_PROJECT_VERSION = 1;
				GENERATE_INFOPLIST_FILE = YES;
				IPHONEOS_DEPLOYMENT_TARGET = 18.1;
				MARKETING_VERSION = 1.0;
				PRODUCT_BUNDLE_IDENTIFIER = "PM.expense-trackerTests";
				PRODUCT_NAME = "$(TARGET_NAME)";
				SWIFT_EMIT_LOC_STRINGS = NO;
				SWIFT_VERSION = 5.0;
				TARGETED_DEVICE_FAMILY = "1,2";
				TEST_HOST = "$(BUILT_PRODUCTS_DIR)/expense-tracker.app/$(BUNDLE_EXECUTABLE_FOLDER_PATH)/expense-tracker";
			};
			name = Debug;
		};
		1A46BAD12E22A62600082DA2 /* Release */ = {
			isa = XCBuildConfiguration;
			buildSettings = {
				BUNDLE_LOADER = "$(TEST_HOST)";
				CODE_SIGN_STYLE = Automatic;
				CURRENT_PROJECT_VERSION = 1;
				GENERATE_INFOPLIST_FILE = YES;
				IPHONEOS_DEPLOYMENT_TARGET = 18.1;
				MARKETING_VERSION = 1.0;
				PRODUCT_BUNDLE_IDENTIFIER = "PM.expense-trackerTests";
				PRODUCT_NAME = "$(TARGET_NAME)";
				SWIFT_EMIT_LOC_STRINGS = NO;
				SWIFT_VERSION = 5.0;
				TARGETED_DEVICE_FAMILY = "1,2";
				TEST_HOST = "$(BUILT_PRODUCTS_DIR)/expense-tracker.app/$(BUNDLE_EXECUTABLE_FOLDER_PATH)/expense-tracker";
			};
			name = Release;
		};
		1A46BAD32E22A62600082DA2 /* Debug */ = {
			isa = XCBuildConfiguration;
			buildSettings = {
				CODE_SIGN_STYLE = Automatic;
				CURRENT_PROJECT_VERSION = 1;
				GENERATE_INFOPLIST_FILE = YES;
				MARKETING_VERSION = 1.0;
				PRODUCT_BUNDLE_IDENTIFIER = "PM.expense-trackerUITests";
				PRODUCT_NAME = "$(TARGET_NAME)";
				SWIFT_EMIT_LOC_STRINGS = NO;
				SWIFT_VERSION = 5.0;
				TARGETED_DEVICE_FAMILY = "1,2";
				TEST_TARGET_NAME = "expense-tracker";
			};
			name = Debug;
		};
		1A46BAD42E22A62600082DA2 /* Release */ = {
			isa = XCBuildConfiguration;
			buildSettings = {
				CODE_SIGN_STYLE = Automatic;
				CURRENT_PROJECT_VERSION = 1;
				GENERATE_INFOPLIST_FILE = YES;
				MARKETING_VERSION = 1.0;
				PRODUCT_BUNDLE_IDENTIFIER = "PM.expense-trackerUITests";
				PRODUCT_NAME = "$(TARGET_NAME)";
				SWIFT_EMIT_LOC_STRINGS = NO;
				SWIFT_VERSION = 5.0;
				TARGETED_DEVICE_FAMILY = "1,2";
				TEST_TARGET_NAME = "expense-tracker";
			};
			name = Release;
		};
/* End XCBuildConfiguration section */

/* Begin XCConfigurationList section */
		1A46BAA32E22A62400082DA2 /* Build configuration list for PBXProject "expense-tracker" */ = {
			isa = XCConfigurationList;
			buildConfigurations = (
				1A46BACA2E22A62600082DA2 /* Debug */,
				1A46BACB2E22A62600082DA2 /* Release */,
			);
			defaultConfigurationIsVisible = 0;
			defaultConfigurationName = Release;
		};
		1A46BACC2E22A62600082DA2 /* Build configuration list for PBXNativeTarget "expense-tracker" */ = {
			isa = XCConfigurationList;
			buildConfigurations = (
				1A46BACD2E22A62600082DA2 /* Debug */,
				1A46BACE2E22A62600082DA2 /* Release */,
			);
			defaultConfigurationIsVisible = 0;
			defaultConfigurationName = Release;
		};
		1A46BACF2E22A62600082DA2 /* Build configuration list for PBXNativeTarget "expense-trackerTests" */ = {
			isa = XCConfigurationList;
			buildConfigurations = (
				1A46BAD02E22A62600082DA2 /* Debug */,
				1A46BAD12E22A62600082DA2 /* Release */,
			);
			defaultConfigurationIsVisible = 0;
			defaultConfigurationName = Release;
		};
		1A46BAD22E22A62600082DA2 /* Build configuration list for PBXNativeTarget "expense-trackerUITests" */ = {
			isa = XCConfigurationList;
			buildConfigurations = (
				1A46BAD32E22A62600082DA2 /* Debug */,
				1A46BAD42E22A62600082DA2 /* Release */,
			);
			defaultConfigurationIsVisible = 0;
			defaultConfigurationName = Release;
		};
/* End XCConfigurationList section */

/* Begin XCRemoteSwiftPackageReference section */
		1A4E4BC42E25B79600E6EAC8 /* XCRemoteSwiftPackageReference "supabase-swift" */ = {
			isa = XCRemoteSwiftPackageReference;
			repositoryURL = "https://github.com/supabase/supabase-swift";
			requirement = {
				kind = upToNextMajorVersion;
				minimumVersion = 2.5.1;
			};
		};
/* End XCRemoteSwiftPackageReference section */

/* Begin XCSwiftPackageProductDependency section */
		1A4E4BC52E25B79600E6EAC8 /* Auth */ = {
			isa = XCSwiftPackageProductDependency;
			package = 1A4E4BC42E25B79600E6EAC8 /* XCRemoteSwiftPackageReference "supabase-swift" */;
			productName = Auth;
		};
		1A4E4BC72E25B79600E6EAC8 /* Functions */ = {
			isa = XCSwiftPackageProductDependency;
			package = 1A4E4BC42E25B79600E6EAC8 /* XCRemoteSwiftPackageReference "supabase-swift" */;
			productName = Functions;
		};
		1A4E4BC92E25B79600E6EAC8 /* PostgREST */ = {
			isa = XCSwiftPackageProductDependency;
			package = 1A4E4BC42E25B79600E6EAC8 /* XCRemoteSwiftPackageReference "supabase-swift" */;
			productName = PostgREST;
		};
		1A4E4BCB2E25B79600E6EAC8 /* Storage */ = {
			isa = XCSwiftPackageProductDependency;
			package = 1A4E4BC42E25B79600E6EAC8 /* XCRemoteSwiftPackageReference "supabase-swift" */;
			productName = Storage;
		};
		1A4E4BCD2E25B79600E6EAC8 /* Supabase */ = {
			isa = XCSwiftPackageProductDependency;
			package = 1A4E4BC42E25B79600E6EAC8 /* XCRemoteSwiftPackageReference "supabase-swift" */;
			productName = Supabase;
		};
/* End XCSwiftPackageProductDependency section */
	};
	rootObject = 1A46BAA02E22A62400082DA2 /* Project object */;
}
